Microsoft Visual Studio Solution File, Format Version 12.00
# Visual Studio Version 17
VisualStudioVersion = 17.5.2.0
MinimumVisualStudioVersion = 10.0.40219.1
Project("{FAE04EC0-301F-11D3-BF4B-00C04F79EFBC}") = "SimpleBackendServerTests", "SimpleBackendServerTests.csproj", "{F2E19EF1-2BD4-3AE8-3268-6C509EDC3DB3}"
EndProject
Global
	GlobalSection(SolutionConfigurationPlatforms) = preSolution
		Debug|Any CPU = Debug|Any CPU
		Release|Any CPU = Release|Any CPU
	EndGlobalSection
	GlobalSection(ProjectConfigurationPlatforms) = postSolution
		{F2E19EF1-2BD4-3AE8-3268-6C509EDC3DB3}.Debug|Any CPU.ActiveCfg = Debug|Any CPU
		{F2E19EF1-2BD4-3AE8-3268-6C509EDC3DB3}.Debug|Any CPU.Build.0 = Debug|Any CPU
		{F2E19EF1-2BD4-3AE8-3268-6C509EDC3DB3}.Release|Any CPU.ActiveCfg = Release|Any CPU
		{F2E19EF1-2BD4-3AE8-3268-6C509EDC3DB3}.Release|Any CPU.Build.0 = Release|Any CPU
	EndGlobalSection
	GlobalSection(SolutionProperties) = preSolution
		HideSolutionNode = FALSE
	EndGlobalSection
	GlobalSection(ExtensibilityGlobals) = postSolution
		SolutionGuid = {C667F16F-A090-46D8-AE6D-1F8F068D2541}
	EndGlobalSection
EndGlobal
